
Microsoft Visual Studio Solution File, Format Version 12.00
# Visual Studio Version 16
VisualStudioVersion = 16.0.29911.84
MinimumVisualStudioVersion = 10.0.40219.1
Project("{FAE04EC0-301F-11D3-BF4B-00C04F79EFBC}") = "BlackJackGame", "BlackJackGame\BlackJackGame.csproj", "{DFEC4E1B-ED74-4B3D-A188-2F603D491FE5}"
EndProject
Project("{FAE04EC0-301F-11D3-BF4B-00C04F79EFBC}") = "BlackJackGame.Tests", "BlackJackGame.Tests\BlackJackGame.Tests.csproj", "{2B3AA6F6-244A-4384-B913-503A3D6C7DBE}"
EndProject
Global
	GlobalSection(SolutionConfigurationPlatforms) = preSolution
		Debug|Any CPU = Debug|Any CPU
		Release|Any CPU = Release|Any CPU
	EndGlobalSection
	GlobalSection(ProjectConfigurationPlatforms) = postSolution
		{DFEC4E1B-ED74-4B3D-A188-2F603D491FE5}.Debug|Any CPU.ActiveCfg = Debug|Any CPU
		{DFEC4E1B-ED74-4B3D-A188-2F603D491FE5}.Debug|Any CPU.Build.0 = Debug|Any CPU
		{DFEC4E1B-ED74-4B3D-A188-2F603D491FE5}.Release|Any CPU.ActiveCfg = Release|Any CPU
		{DFEC4E1B-ED74-4B3D-A188-2F603D491FE5}.Release|Any CPU.Build.0 = Release|Any CPU
		{2B3AA6F6-244A-4384-B913-503A3D6C7DBE}.Debug|Any CPU.ActiveCfg = Debug|Any CPU
		{2B3AA6F6-244A-4384-B913-503A3D6C7DBE}.Debug|Any CPU.Build.0 = Debug|Any CPU
		{2B3AA6F6-244A-4384-B913-503A3D6C7DBE}.Release|Any CPU.ActiveCfg = Release|Any CPU
		{2B3AA6F6-244A-4384-B913-503A3D6C7DBE}.Release|Any CPU.Build.0 = Release|Any CPU
	EndGlobalSection
	GlobalSection(SolutionProperties) = preSolution
		HideSolutionNode = FALSE
	EndGlobalSection
	GlobalSection(ExtensibilityGlobals) = postSolution
		SolutionGuid = {A18B3519-9AB9-4EFF-A5EC-989E864B71D4}
	EndGlobalSection
EndGlobal
